
Microsoft Visual Studio Solution File, Format Version 11.00
# Visual Studio 2010
Project("{FAE04EC0-301F-11D3-BF4B-00C04F79EFBC}") = "solver", "solver.csproj", "{9FBF72EC-3DD2-4BF6-845A-57F9C96FDD7A}"
EndProject
Project("{2150E333-8FDC-42A3-9474-1A3956D46DE8}") = "Solution Items", "Solution Items", "{80B87DB8-A992-4D5E-9C8E-7C50E99A22CE}"
	ProjectSection(SolutionItems) = preProject
		Algorithms.cs = Algorithms.cs
		bin\Debug\App.config = bin\Debug\App.config
	EndProjectSection
EndProject
Global
	GlobalSection(SolutionConfigurationPlatforms) = preSolution
		Debug|x86 = Debug|x86
		Release|x86 = Release|x86
	EndGlobalSection
	GlobalSection(ProjectConfigurationPlatforms) = postSolution
		{9FBF72EC-3DD2-4BF6-845A-57F9C96FDD7A}.Debug|x86.ActiveCfg = Debug|x86
		{9FBF72EC-3DD2-4BF6-845A-57F9C96FDD7A}.Debug|x86.Build.0 = Debug|x86
		{9FBF72EC-3DD2-4BF6-845A-57F9C96FDD7A}.Release|x86.ActiveCfg = Release|x86
		{9FBF72EC-3DD2-4BF6-845A-57F9C96FDD7A}.Release|x86.Build.0 = Release|x86
	EndGlobalSection
	GlobalSection(SolutionProperties) = preSolution
		HideSolutionNode = FALSE
	EndGlobalSection
	GlobalSection(MonoDevelopProperties) = preSolution
		StartupItem = solver.csproj
	EndGlobalSection
EndGlobal
